
Microsoft Visual Studio Solution File, Format Version 12.00
# Visual Studio 15
VisualStudioVersion = 15.0.27703.2018
MinimumVisualStudioVersion = 10.0.40219.1
Project("{8BC9CEB8-8B4A-11D0-8D11-00A0C91BC942}") = "S3DatPacker", "S3DatPacker\S3DatPacker.vcxproj", "{50186ADD-A119-4588-9DEB-D814C5EDEBA0}"
EndProject
Global
	GlobalSection(SolutionConfigurationPlatforms) = preSolution
		Debug|x64 = Debug|x64
		Debug|x86 = Debug|x86
		Release|x64 = Release|x64
		Release|x86 = Release|x86
	EndGlobalSection
	GlobalSection(ProjectConfigurationPlatforms) = postSolution
		{50186ADD-A119-4588-9DEB-D814C5EDEBA0}.Debug|x64.ActiveCfg = Debug|x64
		{50186ADD-A119-4588-9DEB-D814C5EDEBA0}.Debug|x64.Build.0 = Debug|x64
		{50186ADD-A119-4588-9DEB-D814C5EDEBA0}.Debug|x86.ActiveCfg = Debug|Win32
		{50186ADD-A119-4588-9DEB-D814C5EDEBA0}.Debug|x86.Build.0 = Debug|Win32
		{50186ADD-A119-4588-9DEB-D814C5EDEBA0}.Release|x64.ActiveCfg = Release|x64
		{50186ADD-A119-4588-9DEB-D814C5EDEBA0}.Release|x64.Build.0 = Release|x64
		{50186ADD-A119-4588-9DEB-D814C5EDEBA0}.Release|x86.ActiveCfg = Release|Win32
		{50186ADD-A119-4588-9DEB-D814C5EDEBA0}.Release|x86.Build.0 = Release|Win32
	EndGlobalSection
	GlobalSection(SolutionProperties) = preSolution
		HideSolutionNode = FALSE
	EndGlobalSection
	GlobalSection(ExtensibilityGlobals) = postSolution
		SolutionGuid = {9B96A762-EA24-48F9-B4C8-F50FF3BCBE03}
	EndGlobalSection
EndGlobal
